// !$*UTF8*$!
{
	archiveVersion = 1;
	classes = {
	};
	objectVersion = 50;
	objects = {

/* Begin PBXBuildFile section */
		70555276229C0D800086728F /* CircleNumberButton.swift in Sources */ = {isa = PBXBuildFile; fileRef = 70555272229C0D7F0086728F /* CircleNumberButton.swift */; };
		70555277229C0D800086728F /* MocaLockView.swift in Sources */ = {isa = PBXBuildFile; fileRef = 70555273229C0D800086728F /* MocaLockView.swift */; };
		70555278229C0D800086728F /* MocaLockViewController.swift in Sources */ = {isa = PBXBuildFile; fileRef = 70555274229C0D800086728F /* MocaLockViewController.swift */; };
		70555279229C0D800086728F /* InputMarkView.swift in Sources */ = {isa = PBXBuildFile; fileRef = 70555275229C0D800086728F /* InputMarkView.swift */; };
		7055528B229CA7A30086728F /* InputSignView.swift in Sources */ = {isa = PBXBuildFile; fileRef = 7055528A229CA7A30086728F /* InputSignView.swift */; };
		7055528D229D50A30086728F /* NumberButton.swift in Sources */ = {isa = PBXBuildFile; fileRef = 7055528C229D50A30086728F /* NumberButton.swift */; };
		70A406B4226F2C5000EE59C3 /* MocaLock.h in Headers */ = {isa = PBXBuildFile; fileRef = 70A406B2226F2C5000EE59C3 /* MocaLock.h */; settings = {ATTRIBUTES = (Public, ); }; };
/* End PBXBuildFile section */

/* Begin PBXFileReference section */
		70555272229C0D7F0086728F /* CircleNumberButton.swift */ = {isa = PBXFileReference; fileEncoding = 4; lastKnownFileType = sourcecode.swift; path = CircleNumberButton.swift; sourceTree = "<group>"; };
		70555273229C0D800086728F /* MocaLockView.swift */ = {isa = PBXFileReference; fileEncoding = 4; lastKnownFileType = sourcecode.swift; path = MocaLockView.swift; sourceTree = "<group>"; };
		70555274229C0D800086728F /* MocaLockViewController.swift */ = {isa = PBXFileReference; fileEncoding = 4; lastKnownFileType = sourcecode.swift; path = MocaLockViewController.swift; sourceTree = "<group>"; };
		70555275229C0D800086728F /* InputMarkView.swift */ = {isa = PBXFileReference; fileEncoding = 4; lastKnownFileType = sourcecode.swift; path = InputMarkView.swift; sourceTree = "<group>"; };
		7055528A229CA7A30086728F /* InputSignView.swift */ = {isa = PBXFileReference; lastKnownFileType = sourcecode.swift; path = InputSignView.swift; sourceTree = "<group>"; };
		7055528C229D50A30086728F /* NumberButton.swift */ = {isa = PBXFileReference; lastKnownFileType = sourcecode.swift; path = NumberButton.swift; sourceTree = "<group>"; };
		70A406AF226F2C5000EE59C3 /* MocaLock.framework */ = {isa = PBXFileReference; explicitFileType = wrapper.framework; includeInIndex = 0; path = MocaLock.framework; sourceTree = BUILT_PRODUCTS_DIR; };
		70A406B2226F2C5000EE59C3 /* MocaLock.h */ = {isa = PBXFileReference; lastKnownFileType = sourcecode.c.h; path = MocaLock.h; sourceTree = "<group>"; };
		70A406B3226F2C5000EE59C3 /* Info.plist */ = {isa = PBXFileReference; lastKnownFileType = text.plist.xml; path = Info.plist; sourceTree = "<group>"; };
/* End PBXFileReference section */

/* Begin PBXFrameworksBuildPhase section */
		70A406AC226F2C5000EE59C3 /* Frameworks */ = {
			isa = PBXFrameworksBuildPhase;
			buildActionMask = 2147483647;
			files = (
			);
			runOnlyForDeploymentPostprocessing = 0;
		};
/* End PBXFrameworksBuildPhase section */

/* Begin PBXGroup section */
		7055527A229C0D8B0086728F /* View */ = {
			isa = PBXGroup;
			children = (
				70555273229C0D800086728F /* MocaLockView.swift */,
				70555272229C0D7F0086728F /* CircleNumberButton.swift */,
				70555275229C0D800086728F /* InputMarkView.swift */,
				7055528A229CA7A30086728F /* InputSignView.swift */,
				7055528C229D50A30086728F /* NumberButton.swift */,
			);
			path = View;
			sourceTree = "<group>";
		};
		7055527B229C0D990086728F /* ViewController */ = {
			isa = PBXGroup;
			children = (
				70555274229C0D800086728F /* MocaLockViewController.swift */,
			);
			path = ViewController;
			sourceTree = "<group>";
		};
		70A406A5226F2C5000EE59C3 = {
			isa = PBXGroup;
			children = (
				70A406B1226F2C5000EE59C3 /* MocaLock */,
				70A406B0226F2C5000EE59C3 /* Products */,
				FE5E0493D6EA8059F54AA3C0 /* Frameworks */,
			);
			sourceTree = "<group>";
		};
		70A406B0226F2C5000EE59C3 /* Products */ = {
			isa = PBXGroup;
			children = (
				70A406AF226F2C5000EE59C3 /* MocaLock.framework */,
			);
			name = Products;
			sourceTree = "<group>";
		};
		70A406B1226F2C5000EE59C3 /* MocaLock */ = {
			isa = PBXGroup;
			children = (
				7055527B229C0D990086728F /* ViewController */,
				7055527A229C0D8B0086728F /* View */,
				70A406B2226F2C5000EE59C3 /* MocaLock.h */,
				70A406B3226F2C5000EE59C3 /* Info.plist */,
			);
			path = MocaLock;
			sourceTree = "<group>";
		};
		FE5E0493D6EA8059F54AA3C0 /* Frameworks */ = {
			isa = PBXGroup;
			children = (
			);
			name = Frameworks;
			sourceTree = "<group>";
		};
/* End PBXGroup section */

/* Begin PBXHeadersBuildPhase section */
		70A406AA226F2C5000EE59C3 /* Headers */ = {
			isa = PBXHeadersBuildPhase;
			buildActionMask = 2147483647;
			files = (
				70A406B4226F2C5000EE59C3 /* MocaLock.h in Headers */,
			);
			runOnlyForDeploymentPostprocessing = 0;
		};
/* End PBXHeadersBuildPhase section */

/* Begin PBXNativeTarget section */
		70A406AE226F2C5000EE59C3 /* MocaLock */ = {
			isa = PBXNativeTarget;
			buildConfigurationList = 70A406B7226F2C5000EE59C3 /* Build configuration list for PBXNativeTarget "MocaLock" */;
			buildPhases = (
				70A406AA226F2C5000EE59C3 /* Headers */,
				70A406AB226F2C5000EE59C3 /* Sources */,
				70A406AC226F2C5000EE59C3 /* Frameworks */,
				70A406AD226F2C5000EE59C3 /* Resources */,
			);
			buildRules = (
			);
			dependencies = (
			);
			name = MocaLock;
			productName = EasyPassword;
			productReference = 70A406AF226F2C5000EE59C3 /* MocaLock.framework */;
			productType = "com.apple.product-type.framework";
		};
/* End PBXNativeTarget section */

/* Begin PBXProject section */
		70A406A6226F2C5000EE59C3 /* Project object */ = {
			isa = PBXProject;
			attributes = {
				LastSwiftUpdateCheck = 1020;
				LastUpgradeCheck = 1020;
				ORGANIZATIONNAME = "yusuke saso";
				TargetAttributes = {
					70A406AE226F2C5000EE59C3 = {
						CreatedOnToolsVersion = 10.2.1;
						LastSwiftMigration = 1020;
					};
				};
			};
			buildConfigurationList = 70A406A9226F2C5000EE59C3 /* Build configuration list for PBXProject "MocaLock" */;
			compatibilityVersion = "Xcode 9.3";
			developmentRegion = en;
			hasScannedForEncodings = 0;
			knownRegions = (
				en,
				Base,
			);
			mainGroup = 70A406A5226F2C5000EE59C3;
			productRefGroup = 70A406B0226F2C5000EE59C3 /* Products */;
			projectDirPath = "";
			projectRoot = "";
			targets = (
				70A406AE226F2C5000EE59C3 /* MocaLock */,
			);
		};
/* End PBXProject section */

/* Begin PBXResourcesBuildPhase section */
		70A406AD226F2C5000EE59C3 /* Resources */ = {
			isa = PBXResourcesBuildPhase;
			buildActionMask = 2147483647;
			files = (
			);
			runOnlyForDeploymentPostprocessing = 0;
		};
/* End PBXResourcesBuildPhase section */

/* Begin PBXSourcesBuildPhase section */
		70A406AB226F2C5000EE59C3 /* Sources */ = {
			isa = PBXSourcesBuildPhase;
			buildActionMask = 2147483647;
			files = (
				7055528D229D50A30086728F /* NumberButton.swift in Sources */,
				70555279229C0D800086728F /* InputMarkView.swift in Sources */,
				70555276229C0D800086728F /* CircleNumberButton.swift in Sources */,
				70555277229C0D800086728F /* MocaLockView.swift in Sources */,
				70555278229C0D800086728F /* MocaLockViewController.swift in Sources */,
				7055528B229CA7A30086728F /* InputSignView.swift in Sources */,
			);
			runOnlyForDeploymentPostprocessing = 0;
		};
/* End PBXSourcesBuildPhase section */

/* Begin XCBuildConfiguration section */
		70A406B5226F2C5000EE59C3 /* Debug */ = {
			isa = XCBuildConfiguration;
			buildSettings = {
				ALWAYS_SEARCH_USER_PATHS = NO;
				CLANG_ANALYZER_NONNULL = YES;
				CLANG_ANALYZER_NUMBER_OBJECT_CONVERSION = YES_AGGRESSIVE;
				CLANG_CXX_LANGUAGE_STANDARD = "gnu++14";
				CLANG_CXX_LIBRARY = "libc++";
				CLANG_ENABLE_MODULES = YES;
				CLANG_ENABLE_OBJC_ARC = YES;
				CLANG_ENABLE_OBJC_WEAK = YES;
				CLANG_WARN_BLOCK_CAPTURE_AUTORELEASING = YES;
				CLANG_WARN_BOOL_CONVERSION = YES;
				CLANG_WARN_COMMA = YES;
				CLANG_WARN_CONSTANT_CONVERSION = YES;
				CLANG_WARN_DEPRECATED_OBJC_IMPLEMENTATIONS = YES;
				CLANG_WARN_DIRECT_OBJC_ISA_USAGE = YES_ERROR;
				CLANG_WARN_DOCUMENTATION_COMMENTS = YES;
				CLANG_WARN_EMPTY_BODY = YES;
				CLANG_WARN_ENUM_CONVERSION = YES;
				CLANG_WARN_INFINITE_RECURSION = YES;
				CLANG_WARN_INT_CONVERSION = YES;
				CLANG_WARN_NON_LITERAL_NULL_CONVERSION = YES;
				CLANG_WARN_OBJC_IMPLICIT_RETAIN_SELF = YES;
				CLANG_WARN_OBJC_LITERAL_CONVERSION = YES;
				CLANG_WARN_OBJC_ROOT_CLASS = YES_ERROR;
				CLANG_WARN_RANGE_LOOP_ANALYSIS = YES;
				CLANG_WARN_STRICT_PROTOTYPES = YES;
				CLANG_WARN_SUSPICIOUS_MOVE = YES;
				CLANG_WARN_UNGUARDED_AVAILABILITY = YES_AGGRESSIVE;
				CLANG_WARN_UNREACHABLE_CODE = YES;
				CLANG_WARN__DUPLICATE_METHOD_MATCH = YES;
				CODE_SIGN_IDENTITY = "iPhone Developer";
				COPY_PHASE_STRIP = NO;
				CURRENT_PROJECT_VERSION = 1;
				DEBUG_INFORMATION_FORMAT = dwarf;
				ENABLE_STRICT_OBJC_MSGSEND = YES;
				ENABLE_TESTABILITY = YES;
				GCC_C_LANGUAGE_STANDARD = gnu11;
				GCC_DYNAMIC_NO_PIC = NO;
				GCC_NO_COMMON_BLOCKS = YES;
				GCC_OPTIMIZATION_LEVEL = 0;
				GCC_PREPROCESSOR_DEFINITIONS = (
					"DEBUG=1",
					"$(inherited)",
				);
				GCC_WARN_64_TO_32_BIT_CONVERSION = YES;
				GCC_WARN_ABOUT_RETURN_TYPE = YES_ERROR;
				GCC_WARN_UNDECLARED_SELECTOR = YES;
				GCC_WARN_UNINITIALIZED_AUTOS = YES_AGGRESSIVE;
				GCC_WARN_UNUSED_FUNCTION = YES;
				GCC_WARN_UNUSED_VARIABLE = YES;
				IPHONEOS_DEPLOYMENT_TARGET = 12.2;
				MTL_ENABLE_DEBUG_INFO = INCLUDE_SOURCE;
				MTL_FAST_MATH = YES;
				ONLY_ACTIVE_ARCH = YES;
				SDKROOT = iphoneos;
				SWIFT_ACTIVE_COMPILATION_CONDITIONS = DEBUG;
				SWIFT_OPTIMIZATION_LEVEL = "-Onone";
				VERSIONING_SYSTEM = "apple-generic";
				VERSION_INFO_PREFIX = "";
			};
			name = Debug;
		};
		70A406B6226F2C5000EE59C3 /* Release */ = {
			isa = XCBuildConfiguration;
			buildSettings = {
				ALWAYS_SEARCH_USER_PATHS = NO;
				CLANG_ANALYZER_NONNULL = YES;
				CLANG_ANALYZER_NUMBER_OBJECT_CONVERSION = YES_AGGRESSIVE;
				CLANG_CXX_LANGUAGE_STANDARD = "gnu++14";
				CLANG_CXX_LIBRARY = "libc++";
				CLANG_ENABLE_MODULES = YES;
				CLANG_ENABLE_OBJC_ARC = YES;
				CLANG_ENABLE_OBJC_WEAK = YES;
				CLANG_WARN_BLOCK_CAPTURE_AUTORELEASING = YES;
				CLANG_WARN_BOOL_CONVERSION = YES;
				CLANG_WARN_COMMA = YES;
				CLANG_WARN_CONSTANT_CONVERSION = YES;
				CLANG_WARN_DEPRECATED_OBJC_IMPLEMENTATIONS = YES;
				CLANG_WARN_DIRECT_OBJC_ISA_USAGE = YES_ERROR;
				CLANG_WARN_DOCUMENTATION_COMMENTS = YES;
				CLANG_WARN_EMPTY_BODY = YES;
				CLANG_WARN_ENUM_CONVERSION = YES;
				CLANG_WARN_INFINITE_RECURSION = YES;
				CLANG_WARN_INT_CONVERSION = YES;
				CLANG_WARN_NON_LITERAL_NULL_CONVERSION = YES;
				CLANG_WARN_OBJC_IMPLICIT_RETAIN_SELF = YES;
				CLANG_WARN_OBJC_LITERAL_CONVERSION = YES;
				CLANG_WARN_OBJC_ROOT_CLASS = YES_ERROR;
				CLANG_WARN_RANGE_LOOP_ANALYSIS = YES;
				CLANG_WARN_STRICT_PROTOTYPES = YES;
				CLANG_WARN_SUSPICIOUS_MOVE = YES;
				CLANG_WARN_UNGUARDED_AVAILABILITY = YES_AGGRESSIVE;
				CLANG_WARN_UNREACHABLE_CODE = YES;
				CLANG_WARN__DUPLICATE_METHOD_MATCH = YES;
				CODE_SIGN_IDENTITY = "iPhone Developer";
				COPY_PHASE_STRIP = NO;
				CURRENT_PROJECT_VERSION = 1;
				DEBUG_INFORMATION_FORMAT = "dwarf-with-dsym";
				ENABLE_NS_ASSERTIONS = NO;
				ENABLE_STRICT_OBJC_MSGSEND = YES;
				GCC_C_LANGUAGE_STANDARD = gnu11;
				GCC_NO_COMMON_BLOCKS = YES;
				GCC_WARN_64_TO_32_BIT_CONVERSION = YES;
				GCC_WARN_ABOUT_RETURN_TYPE = YES_ERROR;
				GCC_WARN_UNDECLARED_SELECTOR = YES;
				GCC_WARN_UNINITIALIZED_AUTOS = YES_AGGRESSIVE;
				GCC_WARN_UNUSED_FUNCTION = YES;
				GCC_WARN_UNUSED_VARIABLE = YES;
				IPHONEOS_DEPLOYMENT_TARGET = 12.2;
				MTL_ENABLE_DEBUG_INFO = NO;
				MTL_FAST_MATH = YES;
				SDKROOT = iphoneos;
				SWIFT_COMPILATION_MODE = wholemodule;
				SWIFT_OPTIMIZATION_LEVEL = "-O";
				VALIDATE_PRODUCT = YES;
				VERSIONING_SYSTEM = "apple-generic";
				VERSION_INFO_PREFIX = "";
			};
			name = Release;
		};
		70A406B8226F2C5000EE59C3 /* Debug */ = {
			isa = XCBuildConfiguration;
			buildSettings = {
				CLANG_ENABLE_MODULES = YES;
				CODE_SIGN_IDENTITY = "";
				CODE_SIGN_STYLE = Automatic;
				DEFINES_MODULE = YES;
				DEVELOPMENT_TEAM = A768VYMMNK;
				DYLIB_COMPATIBILITY_VERSION = 1;
				DYLIB_CURRENT_VERSION = 1;
				DYLIB_INSTALL_NAME_BASE = "@rpath";
				INFOPLIST_FILE = MocaLock/Info.plist;
				INSTALL_PATH = "$(LOCAL_LIBRARY_DIR)/Frameworks";
				IPHONEOS_DEPLOYMENT_TARGET = 11.0;
				LD_RUNPATH_SEARCH_PATHS = (
					"$(inherited)",
					"@executable_path/Frameworks",
					"@loader_path/Frameworks",
				);
				PRODUCT_BUNDLE_IDENTIFIER = com.yusuke.saso.MocaLock;
				PRODUCT_NAME = "$(TARGET_NAME:c99extidentifier)";
				SKIP_INSTALL = YES;
				SWIFT_OPTIMIZATION_LEVEL = "-Onone";
				SWIFT_VERSION = 5.0;
				TARGETED_DEVICE_FAMILY = "1,2";
			};
			name = Debug;
		};
		70A406B9226F2C5000EE59C3 /* Release */ = {
			isa = XCBuildConfiguration;
			buildSettings = {
				CLANG_ENABLE_MODULES = YES;
				CODE_SIGN_IDENTITY = "";
				CODE_SIGN_STYLE = Automatic;
				DEFINES_MODULE = YES;
				DEVELOPMENT_TEAM = A768VYMMNK;
				DYLIB_COMPATIBILITY_VERSION = 1;
				DYLIB_CURRENT_VERSION = 1;
				DYLIB_INSTALL_NAME_BASE = "@rpath";
				INFOPLIST_FILE = MocaLock/Info.plist;
				INSTALL_PATH = "$(LOCAL_LIBRARY_DIR)/Frameworks";
				IPHONEOS_DEPLOYMENT_TARGET = 11.0;
				LD_RUNPATH_SEARCH_PATHS = (
					"$(inherited)",
					"@executable_path/Frameworks",
					"@loader_path/Frameworks",
				);
				PRODUCT_BUNDLE_IDENTIFIER = com.yusuke.saso.MocaLock;
				PRODUCT_NAME = "$(TARGET_NAME:c99extidentifier)";
				SKIP_INSTALL = YES;
				SWIFT_VERSION = 5.0;
				TARGETED_DEVICE_FAMILY = "1,2";
			};
			name = Release;
		};
/* End XCBuildConfiguration section */

/* Begin XCConfigurationList section */
		70A406A9226F2C5000EE59C3 /* Build configuration list for PBXProject "MocaLock" */ = {
			isa = XCConfigurationList;
			buildConfigurations = (
				70A406B5226F2C5000EE59C3 /* Debug */,
				70A406B6226F2C5000EE59C3 /* Release */,
			);
			defaultConfigurationIsVisible = 0;
			defaultConfigurationName = Release;
		};
		70A406B7226F2C5000EE59C3 /* Build configuration list for PBXNativeTarget "MocaLock" */ = {
			isa = XCConfigurationList;
			buildConfigurations = (
				70A406B8226F2C5000EE59C3 /* Debug */,
				70A406B9226F2C5000EE59C3 /* Release */,
			);
			defaultConfigurationIsVisible = 0;
			defaultConfigurationName = Release;
		};
/* End XCConfigurationList section */
	};
	rootObject = 70A406A6226F2C5000EE59C3 /* Project object */;
}
