// !$*UTF8*$!
{
	archiveVersion = 1;
	classes = {
	};
	objectVersion = 50;
	objects = {

/* Begin PBXBuildFile section */
		7055525C229C05DB0086728F /* AppDelegate.swift in Sources */ = {isa = PBXBuildFile; fileRef = 7055525B229C05DB0086728F /* AppDelegate.swift */; };
		7055525E229C05DB0086728F /* ViewController.swift in Sources */ = {isa = PBXBuildFile; fileRef = 7055525D229C05DB0086728F /* ViewController.swift */; };
		70555261229C05DB0086728F /* Main.storyboard in Resources */ = {isa = PBXBuildFile; fileRef = 7055525F229C05DB0086728F /* Main.storyboard */; };
		70555263229C05DC0086728F /* Assets.xcassets in Resources */ = {isa = PBXBuildFile; fileRef = 70555262229C05DC0086728F /* Assets.xcassets */; };
		70555266229C05DC0086728F /* LaunchScreen.storyboard in Resources */ = {isa = PBXBuildFile; fileRef = 70555264229C05DC0086728F /* LaunchScreen.storyboard */; };
		708F0A21229EA60200719099 /* MocaLockLocalized.strings in Resources */ = {isa = PBXBuildFile; fileRef = 708F0A23229EA60200719099 /* MocaLockLocalized.strings */; };
		708F0A28229EC4C200719099 /* MocaLock.framework in Frameworks */ = {isa = PBXBuildFile; fileRef = 708F0A27229EC4C200719099 /* MocaLock.framework */; };
		708F0A29229EC4C200719099 /* MocaLock.framework in Embed Frameworks */ = {isa = PBXBuildFile; fileRef = 708F0A27229EC4C200719099 /* MocaLock.framework */; settings = {ATTRIBUTES = (CodeSignOnCopy, RemoveHeadersOnCopy, ); }; };
		70974F9522AB5BF900338EB0 /* MyLockViewController.swift in Sources */ = {isa = PBXBuildFile; fileRef = 70974F9422AB5BF900338EB0 /* MyLockViewController.swift */; };
/* End PBXBuildFile section */

/* Begin PBXCopyFilesBuildPhase section */
		70555282229C12780086728F /* Embed Frameworks */ = {
			isa = PBXCopyFilesBuildPhase;
			buildActionMask = 2147483647;
			dstPath = "";
			dstSubfolderSpec = 10;
			files = (
				708F0A29229EC4C200719099 /* MocaLock.framework in Embed Frameworks */,
			);
			name = "Embed Frameworks";
			runOnlyForDeploymentPostprocessing = 0;
		};
/* End PBXCopyFilesBuildPhase section */

/* Begin PBXFileReference section */
		70555258229C05DB0086728F /* MocaLock-Example.app */ = {isa = PBXFileReference; explicitFileType = wrapper.application; includeInIndex = 0; path = "MocaLock-Example.app"; sourceTree = BUILT_PRODUCTS_DIR; };
		7055525B229C05DB0086728F /* AppDelegate.swift */ = {isa = PBXFileReference; lastKnownFileType = sourcecode.swift; path = AppDelegate.swift; sourceTree = "<group>"; };
		7055525D229C05DB0086728F /* ViewController.swift */ = {isa = PBXFileReference; lastKnownFileType = sourcecode.swift; path = ViewController.swift; sourceTree = "<group>"; };
		70555260229C05DB0086728F /* Base */ = {isa = PBXFileReference; lastKnownFileType = file.storyboard; name = Base; path = Base.lproj/Main.storyboard; sourceTree = "<group>"; };
		70555262229C05DC0086728F /* Assets.xcassets */ = {isa = PBXFileReference; lastKnownFileType = folder.assetcatalog; path = Assets.xcassets; sourceTree = "<group>"; };
		70555265229C05DC0086728F /* Base */ = {isa = PBXFileReference; lastKnownFileType = file.storyboard; name = Base; path = Base.lproj/LaunchScreen.storyboard; sourceTree = "<group>"; };
		70555267229C05DC0086728F /* Info.plist */ = {isa = PBXFileReference; lastKnownFileType = text.plist.xml; path = Info.plist; sourceTree = "<group>"; };
		708F0A22229EA60200719099 /* en */ = {isa = PBXFileReference; lastKnownFileType = text.plist.strings; name = en; path = en.lproj/MocaLockLocalized.strings; sourceTree = "<group>"; };
		708F0A24229EA60300719099 /* ja */ = {isa = PBXFileReference; lastKnownFileType = text.plist.strings; name = ja; path = ja.lproj/MocaLockLocalized.strings; sourceTree = "<group>"; };
		708F0A27229EC4C200719099 /* MocaLock.framework */ = {isa = PBXFileReference; explicitFileType = wrapper.framework; path = MocaLock.framework; sourceTree = BUILT_PRODUCTS_DIR; };
		70974F9422AB5BF900338EB0 /* MyLockViewController.swift */ = {isa = PBXFileReference; lastKnownFileType = sourcecode.swift; path = MyLockViewController.swift; sourceTree = "<group>"; };
		70A570C0229DF39C009387D0 /* ja */ = {isa = PBXFileReference; lastKnownFileType = text.plist.strings; name = ja; path = ja.lproj/Main.strings; sourceTree = "<group>"; };
		70A570C1229DF39C009387D0 /* ja */ = {isa = PBXFileReference; lastKnownFileType = text.plist.strings; name = ja; path = ja.lproj/LaunchScreen.strings; sourceTree = "<group>"; };
/* End PBXFileReference section */

/* Begin PBXFrameworksBuildPhase section */
		70555255229C05DB0086728F /* Frameworks */ = {
			isa = PBXFrameworksBuildPhase;
			buildActionMask = 2147483647;
			files = (
				708F0A28229EC4C200719099 /* MocaLock.framework in Frameworks */,
			);
			runOnlyForDeploymentPostprocessing = 0;
		};
/* End PBXFrameworksBuildPhase section */

/* Begin PBXGroup section */
		7055524F229C05DB0086728F = {
			isa = PBXGroup;
			children = (
				708F0A27229EC4C200719099 /* MocaLock.framework */,
				7055525A229C05DB0086728F /* MocaLock-Example */,
				70555259229C05DB0086728F /* Products */,
			);
			sourceTree = "<group>";
		};
		70555259229C05DB0086728F /* Products */ = {
			isa = PBXGroup;
			children = (
				70555258229C05DB0086728F /* MocaLock-Example.app */,
			);
			name = Products;
			sourceTree = "<group>";
		};
		7055525A229C05DB0086728F /* MocaLock-Example */ = {
			isa = PBXGroup;
			children = (
				7055525B229C05DB0086728F /* AppDelegate.swift */,
				7055525D229C05DB0086728F /* ViewController.swift */,
				7055525F229C05DB0086728F /* Main.storyboard */,
				70555262229C05DC0086728F /* Assets.xcassets */,
				70555264229C05DC0086728F /* LaunchScreen.storyboard */,
				70555267229C05DC0086728F /* Info.plist */,
				708F0A23229EA60200719099 /* MocaLockLocalized.strings */,
				70974F9422AB5BF900338EB0 /* MyLockViewController.swift */,
			);
			path = "MocaLock-Example";
			sourceTree = "<group>";
		};
/* End PBXGroup section */

/* Begin PBXNativeTarget section */
		70555257229C05DB0086728F /* MocaLock-Example */ = {
			isa = PBXNativeTarget;
			buildConfigurationList = 7055526A229C05DC0086728F /* Build configuration list for PBXNativeTarget "MocaLock-Example" */;
			buildPhases = (
				70555254229C05DB0086728F /* Sources */,
				70555255229C05DB0086728F /* Frameworks */,
				70555256229C05DB0086728F /* Resources */,
				70555282229C12780086728F /* Embed Frameworks */,
			);
			buildRules = (
			);
			dependencies = (
			);
			name = "MocaLock-Example";
			productName = "EasyPassword-Example";
			productReference = 70555258229C05DB0086728F /* MocaLock-Example.app */;
			productType = "com.apple.product-type.application";
		};
/* End PBXNativeTarget section */

/* Begin PBXProject section */
		70555250229C05DB0086728F /* Project object */ = {
			isa = PBXProject;
			attributes = {
				LastSwiftUpdateCheck = 1020;
				LastUpgradeCheck = 1020;
				ORGANIZATIONNAME = "yusuke saso";
				TargetAttributes = {
					70555257229C05DB0086728F = {
						CreatedOnToolsVersion = 10.2.1;
					};
				};
			};
			buildConfigurationList = 70555253229C05DB0086728F /* Build configuration list for PBXProject "MocaLock-Example" */;
			compatibilityVersion = "Xcode 9.3";
			developmentRegion = en;
			hasScannedForEncodings = 0;
			knownRegions = (
				en,
				Base,
				ja,
				global,
			);
			mainGroup = 7055524F229C05DB0086728F;
			productRefGroup = 70555259229C05DB0086728F /* Products */;
			projectDirPath = "";
			projectRoot = "";
			targets = (
				70555257229C05DB0086728F /* MocaLock-Example */,
			);
		};
/* End PBXProject section */

/* Begin PBXResourcesBuildPhase section */
		70555256229C05DB0086728F /* Resources */ = {
			isa = PBXResourcesBuildPhase;
			buildActionMask = 2147483647;
			files = (
				70555266229C05DC0086728F /* LaunchScreen.storyboard in Resources */,
				708F0A21229EA60200719099 /* MocaLockLocalized.strings in Resources */,
				70555263229C05DC0086728F /* Assets.xcassets in Resources */,
				70555261229C05DB0086728F /* Main.storyboard in Resources */,
			);
			runOnlyForDeploymentPostprocessing = 0;
		};
/* End PBXResourcesBuildPhase section */

/* Begin PBXSourcesBuildPhase section */
		70555254229C05DB0086728F /* Sources */ = {
			isa = PBXSourcesBuildPhase;
			buildActionMask = 2147483647;
			files = (
				7055525E229C05DB0086728F /* ViewController.swift in Sources */,
				7055525C229C05DB0086728F /* AppDelegate.swift in Sources */,
				70974F9522AB5BF900338EB0 /* MyLockViewController.swift in Sources */,
			);
			runOnlyForDeploymentPostprocessing = 0;
		};
/* End PBXSourcesBuildPhase section */

/* Begin PBXVariantGroup section */
		7055525F229C05DB0086728F /* Main.storyboard */ = {
			isa = PBXVariantGroup;
			children = (
				70555260229C05DB0086728F /* Base */,
				70A570C0229DF39C009387D0 /* ja */,
			);
			name = Main.storyboard;
			sourceTree = "<group>";
		};
		70555264229C05DC0086728F /* LaunchScreen.storyboard */ = {
			isa = PBXVariantGroup;
			children = (
				70555265229C05DC0086728F /* Base */,
				70A570C1229DF39C009387D0 /* ja */,
			);
			name = LaunchScreen.storyboard;
			sourceTree = "<group>";
		};
		708F0A23229EA60200719099 /* MocaLockLocalized.strings */ = {
			isa = PBXVariantGroup;
			children = (
				708F0A22229EA60200719099 /* en */,
				708F0A24229EA60300719099 /* ja */,
			);
			name = MocaLockLocalized.strings;
			sourceTree = "<group>";
		};
/* End PBXVariantGroup section */

/* Begin XCBuildConfiguration section */
		70555268229C05DC0086728F /* Debug */ = {
			isa = XCBuildConfiguration;
			buildSettings = {
				ALWAYS_SEARCH_USER_PATHS = NO;
				CLANG_ANALYZER_LOCALIZABILITY_NONLOCALIZED = YES;
				CLANG_ANALYZER_NONNULL = YES;
				CLANG_ANALYZER_NUMBER_OBJECT_CONVERSION = YES_AGGRESSIVE;
				CLANG_CXX_LANGUAGE_STANDARD = "gnu++14";
				CLANG_CXX_LIBRARY = "libc++";
				CLANG_ENABLE_MODULES = YES;
				CLANG_ENABLE_OBJC_ARC = YES;
				CLANG_ENABLE_OBJC_WEAK = YES;
				CLANG_WARN_BLOCK_CAPTURE_AUTORELEASING = YES;
				CLANG_WARN_BOOL_CONVERSION = YES;
				CLANG_WARN_COMMA = YES;
				CLANG_WARN_CONSTANT_CONVERSION = YES;
				CLANG_WARN_DEPRECATED_OBJC_IMPLEMENTATIONS = YES;
				CLANG_WARN_DIRECT_OBJC_ISA_USAGE = YES_ERROR;
				CLANG_WARN_DOCUMENTATION_COMMENTS = YES;
				CLANG_WARN_EMPTY_BODY = YES;
				CLANG_WARN_ENUM_CONVERSION = YES;
				CLANG_WARN_INFINITE_RECURSION = YES;
				CLANG_WARN_INT_CONVERSION = YES;
				CLANG_WARN_NON_LITERAL_NULL_CONVERSION = YES;
				CLANG_WARN_OBJC_IMPLICIT_RETAIN_SELF = YES;
				CLANG_WARN_OBJC_LITERAL_CONVERSION = YES;
				CLANG_WARN_OBJC_ROOT_CLASS = YES_ERROR;
				CLANG_WARN_RANGE_LOOP_ANALYSIS = YES;
				CLANG_WARN_STRICT_PROTOTYPES = YES;
				CLANG_WARN_SUSPICIOUS_MOVE = YES;
				CLANG_WARN_UNGUARDED_AVAILABILITY = YES_AGGRESSIVE;
				CLANG_WARN_UNREACHABLE_CODE = YES;
				CLANG_WARN__DUPLICATE_METHOD_MATCH = YES;
				CODE_SIGN_IDENTITY = "iPhone Developer";
				COPY_PHASE_STRIP = NO;
				DEBUG_INFORMATION_FORMAT = dwarf;
				ENABLE_STRICT_OBJC_MSGSEND = YES;
				ENABLE_TESTABILITY = YES;
				GCC_C_LANGUAGE_STANDARD = gnu11;
				GCC_DYNAMIC_NO_PIC = NO;
				GCC_NO_COMMON_BLOCKS = YES;
				GCC_OPTIMIZATION_LEVEL = 0;
				GCC_PREPROCESSOR_DEFINITIONS = (
					"DEBUG=1",
					"$(inherited)",
				);
				GCC_WARN_64_TO_32_BIT_CONVERSION = YES;
				GCC_WARN_ABOUT_RETURN_TYPE = YES_ERROR;
				GCC_WARN_UNDECLARED_SELECTOR = YES;
				GCC_WARN_UNINITIALIZED_AUTOS = YES_AGGRESSIVE;
				GCC_WARN_UNUSED_FUNCTION = YES;
				GCC_WARN_UNUSED_VARIABLE = YES;
				IPHONEOS_DEPLOYMENT_TARGET = 12.2;
				MTL_ENABLE_DEBUG_INFO = INCLUDE_SOURCE;
				MTL_FAST_MATH = YES;
				ONLY_ACTIVE_ARCH = YES;
				SDKROOT = iphoneos;
				SWIFT_ACTIVE_COMPILATION_CONDITIONS = DEBUG;
				SWIFT_OPTIMIZATION_LEVEL = "-Onone";
			};
			name = Debug;
		};
		70555269229C05DC0086728F /* Release */ = {
			isa = XCBuildConfiguration;
			buildSettings = {
				ALWAYS_SEARCH_USER_PATHS = NO;
				CLANG_ANALYZER_LOCALIZABILITY_NONLOCALIZED = YES;
				CLANG_ANALYZER_NONNULL = YES;
				CLANG_ANALYZER_NUMBER_OBJECT_CONVERSION = YES_AGGRESSIVE;
				CLANG_CXX_LANGUAGE_STANDARD = "gnu++14";
				CLANG_CXX_LIBRARY = "libc++";
				CLANG_ENABLE_MODULES = YES;
				CLANG_ENABLE_OBJC_ARC = YES;
				CLANG_ENABLE_OBJC_WEAK = YES;
				CLANG_WARN_BLOCK_CAPTURE_AUTORELEASING = YES;
				CLANG_WARN_BOOL_CONVERSION = YES;
				CLANG_WARN_COMMA = YES;
				CLANG_WARN_CONSTANT_CONVERSION = YES;
				CLANG_WARN_DEPRECATED_OBJC_IMPLEMENTATIONS = YES;
				CLANG_WARN_DIRECT_OBJC_ISA_USAGE = YES_ERROR;
				CLANG_WARN_DOCUMENTATION_COMMENTS = YES;
				CLANG_WARN_EMPTY_BODY = YES;
				CLANG_WARN_ENUM_CONVERSION = YES;
				CLANG_WARN_INFINITE_RECURSION = YES;
				CLANG_WARN_INT_CONVERSION = YES;
				CLANG_WARN_NON_LITERAL_NULL_CONVERSION = YES;
				CLANG_WARN_OBJC_IMPLICIT_RETAIN_SELF = YES;
				CLANG_WARN_OBJC_LITERAL_CONVERSION = YES;
				CLANG_WARN_OBJC_ROOT_CLASS = YES_ERROR;
				CLANG_WARN_RANGE_LOOP_ANALYSIS = YES;
				CLANG_WARN_STRICT_PROTOTYPES = YES;
				CLANG_WARN_SUSPICIOUS_MOVE = YES;
				CLANG_WARN_UNGUARDED_AVAILABILITY = YES_AGGRESSIVE;
				CLANG_WARN_UNREACHABLE_CODE = YES;
				CLANG_WARN__DUPLICATE_METHOD_MATCH = YES;
				CODE_SIGN_IDENTITY = "iPhone Developer";
				COPY_PHASE_STRIP = NO;
				DEBUG_INFORMATION_FORMAT = "dwarf-with-dsym";
				ENABLE_NS_ASSERTIONS = NO;
				ENABLE_STRICT_OBJC_MSGSEND = YES;
				GCC_C_LANGUAGE_STANDARD = gnu11;
				GCC_NO_COMMON_BLOCKS = YES;
				GCC_WARN_64_TO_32_BIT_CONVERSION = YES;
				GCC_WARN_ABOUT_RETURN_TYPE = YES_ERROR;
				GCC_WARN_UNDECLARED_SELECTOR = YES;
				GCC_WARN_UNINITIALIZED_AUTOS = YES_AGGRESSIVE;
				GCC_WARN_UNUSED_FUNCTION = YES;
				GCC_WARN_UNUSED_VARIABLE = YES;
				IPHONEOS_DEPLOYMENT_TARGET = 12.2;
				MTL_ENABLE_DEBUG_INFO = NO;
				MTL_FAST_MATH = YES;
				SDKROOT = iphoneos;
				SWIFT_COMPILATION_MODE = wholemodule;
				SWIFT_OPTIMIZATION_LEVEL = "-O";
				VALIDATE_PRODUCT = YES;
			};
			name = Release;
		};
		7055526B229C05DC0086728F /* Debug */ = {
			isa = XCBuildConfiguration;
			buildSettings = {
				ASSETCATALOG_COMPILER_APPICON_NAME = AppIcon;
				CODE_SIGN_STYLE = Automatic;
				DEVELOPMENT_TEAM = A768VYMMNK;
				INFOPLIST_FILE = "MocaLock-Example/Info.plist";
				LD_RUNPATH_SEARCH_PATHS = (
					"$(inherited)",
					"@executable_path/Frameworks",
				);
				PRODUCT_BUNDLE_IDENTIFIER = "com.yusuke.saso.MocaLock-Example";
				PRODUCT_NAME = "$(TARGET_NAME)";
				SWIFT_VERSION = 5.0;
				TARGETED_DEVICE_FAMILY = "1,2";
			};
			name = Debug;
		};
		7055526C229C05DC0086728F /* Release */ = {
			isa = XCBuildConfiguration;
			buildSettings = {
				ASSETCATALOG_COMPILER_APPICON_NAME = AppIcon;
				CODE_SIGN_STYLE = Automatic;
				DEVELOPMENT_TEAM = A768VYMMNK;
				INFOPLIST_FILE = "MocaLock-Example/Info.plist";
				LD_RUNPATH_SEARCH_PATHS = (
					"$(inherited)",
					"@executable_path/Frameworks",
				);
				PRODUCT_BUNDLE_IDENTIFIER = "com.yusuke.saso.MocaLock-Example";
				PRODUCT_NAME = "$(TARGET_NAME)";
				SWIFT_VERSION = 5.0;
				TARGETED_DEVICE_FAMILY = "1,2";
			};
			name = Release;
		};
/* End XCBuildConfiguration section */

/* Begin XCConfigurationList section */
		70555253229C05DB0086728F /* Build configuration list for PBXProject "MocaLock-Example" */ = {
			isa = XCConfigurationList;
			buildConfigurations = (
				70555268229C05DC0086728F /* Debug */,
				70555269229C05DC0086728F /* Release */,
			);
			defaultConfigurationIsVisible = 0;
			defaultConfigurationName = Release;
		};
		7055526A229C05DC0086728F /* Build configuration list for PBXNativeTarget "MocaLock-Example" */ = {
			isa = XCConfigurationList;
			buildConfigurations = (
				7055526B229C05DC0086728F /* Debug */,
				7055526C229C05DC0086728F /* Release */,
			);
			defaultConfigurationIsVisible = 0;
			defaultConfigurationName = Release;
		};
/* End XCConfigurationList section */
	};
	rootObject = 70555250229C05DB0086728F /* Project object */;
}
